
Microsoft Visual Studio Solution File, Format Version 12.00
# Visual Studio 15
VisualStudioVersion = 15.0.26730.15
MinimumVisualStudioVersion = 10.0.40219.1
Project("{FAE04EC0-301F-11D3-BF4B-00C04F79EFBC}") = "coffee_pos_6034102143", "coffee_pos_6034102143\coffee_pos_6034102143.csproj", "{33D8EC09-D96B-49F6-A6C6-21A627ABA582}"
EndProject
Global
	GlobalSection(SolutionConfigurationPlatforms) = preSolution
		Debug|Any CPU = Debug|Any CPU
		Release|Any CPU = Release|Any CPU
	EndGlobalSection
	GlobalSection(ProjectConfigurationPlatforms) = postSolution
		{33D8EC09-D96B-49F6-A6C6-21A627ABA582}.Debug|Any CPU.ActiveCfg = Debug|Any CPU
		{33D8EC09-D96B-49F6-A6C6-21A627ABA582}.Debug|Any CPU.Build.0 = Debug|Any CPU
		{33D8EC09-D96B-49F6-A6C6-21A627ABA582}.Release|Any CPU.ActiveCfg = Release|Any CPU
		{33D8EC09-D96B-49F6-A6C6-21A627ABA582}.Release|Any CPU.Build.0 = Release|Any CPU
	EndGlobalSection
	GlobalSection(SolutionProperties) = preSolution
		HideSolutionNode = FALSE
	EndGlobalSection
	GlobalSection(ExtensibilityGlobals) = postSolution
		SolutionGuid = {FEE7F2B0-95A8-499C-A331-4BC553ACC15C}
	EndGlobalSection
EndGlobal
